
Microsoft Visual Studio Solution File, Format Version 12.00
# Visual Studio Version 17
VisualStudioVersion = 17.5.33414.496
MinimumVisualStudioVersion = 10.0.40219.1
Project("{FAE04EC0-301F-11D3-BF4B-00C04F79EFBC}") = "HESLib", "HESLib\HESLib.csproj", "{3B92AA4E-B2F6-4CB0-83C7-F8DCFCCB22CB}"
EndProject
Project("{D954291E-2A0B-460D-934E-DC6B0785DB48}") = "InnerLibs", "..\Innerlibs\InnerLibsCommon\InnerLibs.shproj", "{4A6BE46F-380F-4565-A9F3-72E1FF4DA2D3}"
EndProject
Global
	GlobalSection(SolutionConfigurationPlatforms) = preSolution
		Debug|Any CPU = Debug|Any CPU
		Debug|x86 = Debug|x86
		Release|Any CPU = Release|Any CPU
		Release|x86 = Release|x86
	EndGlobalSection
	GlobalSection(ProjectConfigurationPlatforms) = postSolution
		{3B92AA4E-B2F6-4CB0-83C7-F8DCFCCB22CB}.Debug|Any CPU.ActiveCfg = Debug|Any CPU
		{3B92AA4E-B2F6-4CB0-83C7-F8DCFCCB22CB}.Debug|Any CPU.Build.0 = Debug|Any CPU
		{3B92AA4E-B2F6-4CB0-83C7-F8DCFCCB22CB}.Debug|x86.ActiveCfg = Debug|Any CPU
		{3B92AA4E-B2F6-4CB0-83C7-F8DCFCCB22CB}.Debug|x86.Build.0 = Debug|Any CPU
		{3B92AA4E-B2F6-4CB0-83C7-F8DCFCCB22CB}.Release|Any CPU.ActiveCfg = Release|Any CPU
		{3B92AA4E-B2F6-4CB0-83C7-F8DCFCCB22CB}.Release|Any CPU.Build.0 = Release|Any CPU
		{3B92AA4E-B2F6-4CB0-83C7-F8DCFCCB22CB}.Release|x86.ActiveCfg = Release|Any CPU
		{3B92AA4E-B2F6-4CB0-83C7-F8DCFCCB22CB}.Release|x86.Build.0 = Release|Any CPU
	EndGlobalSection
	GlobalSection(SolutionProperties) = preSolution
		HideSolutionNode = FALSE
	EndGlobalSection
	GlobalSection(ExtensibilityGlobals) = postSolution
		SolutionGuid = {0F9492B6-1252-409C-AA30-3CD4F7F60F0A}
	EndGlobalSection
	GlobalSection(SharedMSBuildProjectFiles) = preSolution
		..\Innerlibs\InnerLibsCommon\InnerLibs.projitems*{3b92aa4e-b2f6-4cb0-83c7-f8dcfccb22cb}*SharedItemsImports = 4
		..\Innerlibs\InnerLibsCommon\InnerLibs.projitems*{4a6be46f-380f-4565-a9f3-72e1ff4da2d3}*SharedItemsImports = 13
	EndGlobalSection
EndGlobal
